
Microsoft Visual Studio Solution File, Format Version 12.00
# Visual Studio Version 17
VisualStudioVersion = 17.4.33403.182
MinimumVisualStudioVersion = 10.0.40219.1
Project("{FAE04EC0-301F-11D3-BF4B-00C04F79EFBC}") = "NVVMEssential", "NVVMEssential\NVVMEssential.csproj", "{BA160D4B-A4EC-40E0-9171-938AA1931E7C}"
EndProject
Global
	GlobalSection(SolutionConfigurationPlatforms) = preSolution
		Debug|Any CPU = Debug|Any CPU
		Release|Any CPU = Release|Any CPU
	EndGlobalSection
	GlobalSection(ProjectConfigurationPlatforms) = postSolution
		{BA160D4B-A4EC-40E0-9171-938AA1931E7C}.Debug|Any CPU.ActiveCfg = Debug|Any CPU
		{BA160D4B-A4EC-40E0-9171-938AA1931E7C}.Debug|Any CPU.Build.0 = Debug|Any CPU
		{BA160D4B-A4EC-40E0-9171-938AA1931E7C}.Release|Any CPU.ActiveCfg = Release|Any CPU
		{BA160D4B-A4EC-40E0-9171-938AA1931E7C}.Release|Any CPU.Build.0 = Release|Any CPU
	EndGlobalSection
	GlobalSection(SolutionProperties) = preSolution
		HideSolutionNode = FALSE
	EndGlobalSection
	GlobalSection(ExtensibilityGlobals) = postSolution
		SolutionGuid = {5CB590D3-2170-4E2A-B3A4-3B2804442ECD}
	EndGlobalSection
EndGlobal
